
Microsoft Visual Studio Solution File, Format Version 12.00
# Visual Studio 15
VisualStudioVersion = 15.0.27703.2042
MinimumVisualStudioVersion = 10.0.40219.1
Project("{FAE04EC0-301F-11D3-BF4B-00C04F79EFBC}") = "AngularLastFMWebApi", "AngularLastFMWebApi\AngularLastFMWebApi.csproj", "{84F3B627-C401-4248-BFD9-B29BD6EDD37B}"
EndProject
Global
	GlobalSection(SolutionConfigurationPlatforms) = preSolution
		Debug|Any CPU = Debug|Any CPU
		Release|Any CPU = Release|Any CPU
	EndGlobalSection
	GlobalSection(ProjectConfigurationPlatforms) = postSolution
		{84F3B627-C401-4248-BFD9-B29BD6EDD37B}.Debug|Any CPU.ActiveCfg = Debug|Any CPU
		{84F3B627-C401-4248-BFD9-B29BD6EDD37B}.Debug|Any CPU.Build.0 = Debug|Any CPU
		{84F3B627-C401-4248-BFD9-B29BD6EDD37B}.Release|Any CPU.ActiveCfg = Release|Any CPU
		{84F3B627-C401-4248-BFD9-B29BD6EDD37B}.Release|Any CPU.Build.0 = Release|Any CPU
	EndGlobalSection
	GlobalSection(SolutionProperties) = preSolution
		HideSolutionNode = FALSE
	EndGlobalSection
	GlobalSection(ExtensibilityGlobals) = postSolution
		SolutionGuid = {90ACCEFA-DBDC-4F1E-B78B-8E8ECF6772AA}
	EndGlobalSection
EndGlobal
